// !$*UTF8*$!
{
	archiveVersion = 1;
	classes = {
	};
	objectVersion = 55;
	objects = {

/* Begin PBXBuildFile section */
		AEF6F49E2911044C006BAFAA /* AppDelegate.swift in Sources */ = {isa = PBXBuildFile; fileRef = AEF6F49D2911044C006BAFAA /* AppDelegate.swift */; };
		AEF6F4A02911044C006BAFAA /* SceneDelegate.swift in Sources */ = {isa = PBXBuildFile; fileRef = AEF6F49F2911044C006BAFAA /* SceneDelegate.swift */; };
		AEF6F4A52911044C006BAFAA /* Main.storyboard in Resources */ = {isa = PBXBuildFile; fileRef = AEF6F4A32911044C006BAFAA /* Main.storyboard */; };
		AEF6F4A72911044F006BAFAA /* Assets.xcassets in Resources */ = {isa = PBXBuildFile; fileRef = AEF6F4A62911044F006BAFAA /* Assets.xcassets */; };
		AEF6F4AA2911044F006BAFAA /* LaunchScreen.storyboard in Resources */ = {isa = PBXBuildFile; fileRef = AEF6F4A82911044F006BAFAA /* LaunchScreen.storyboard */; };
		AEF6F4B329110F8E006BAFAA /* NewsTableViewController.swift in Sources */ = {isa = PBXBuildFile; fileRef = AEF6F4B229110F8E006BAFAA /* NewsTableViewController.swift */; };
		AEF6F4B6291111C0006BAFAA /* Article.swift in Sources */ = {isa = PBXBuildFile; fileRef = AEF6F4B5291111C0006BAFAA /* Article.swift */; };
		AEF6F4B929111376006BAFAA /* URLRequest+Extensions.swift in Sources */ = {isa = PBXBuildFile; fileRef = AEF6F4B829111376006BAFAA /* URLRequest+Extensions.swift */; };
		AEF6F4BC2911260F006BAFAA /* ArticleViewModel.swift in Sources */ = {isa = PBXBuildFile; fileRef = AEF6F4BB2911260F006BAFAA /* ArticleViewModel.swift */; };
		AEF6F4BF291127FE006BAFAA /* ArticleTableViewCell.swift in Sources */ = {isa = PBXBuildFile; fileRef = AEF6F4BE291127FE006BAFAA /* ArticleTableViewCell.swift */; };
		CAF820E416504B88E28F7636 /* Pods_NewsWorthyMVVM.framework in Frameworks */ = {isa = PBXBuildFile; fileRef = ECEEE507F87C503F87C3A08A /* Pods_NewsWorthyMVVM.framework */; };
/* End PBXBuildFile section */

/* Begin PBXFileReference section */
		513F0C0B42FE79E41CB9201B /* Pods-NewsWorthyMVVM.debug.xcconfig */ = {isa = PBXFileReference; includeInIndex = 1; lastKnownFileType = text.xcconfig; name = "Pods-NewsWorthyMVVM.debug.xcconfig"; path = "Target Support Files/Pods-NewsWorthyMVVM/Pods-NewsWorthyMVVM.debug.xcconfig"; sourceTree = "<group>"; };
		A355CAC39D2DA31B9B339CDA /* Pods-NewsWorthyMVVM.release.xcconfig */ = {isa = PBXFileReference; includeInIndex = 1; lastKnownFileType = text.xcconfig; name = "Pods-NewsWorthyMVVM.release.xcconfig"; path = "Target Support Files/Pods-NewsWorthyMVVM/Pods-NewsWorthyMVVM.release.xcconfig"; sourceTree = "<group>"; };
		AEF6F49A2911044C006BAFAA /* NewsWorthyMVVM.app */ = {isa = PBXFileReference; explicitFileType = wrapper.application; includeInIndex = 0; path = NewsWorthyMVVM.app; sourceTree = BUILT_PRODUCTS_DIR; };
		AEF6F49D2911044C006BAFAA /* AppDelegate.swift */ = {isa = PBXFileReference; lastKnownFileType = sourcecode.swift; path = AppDelegate.swift; sourceTree = "<group>"; };
		AEF6F49F2911044C006BAFAA /* SceneDelegate.swift */ = {isa = PBXFileReference; lastKnownFileType = sourcecode.swift; path = SceneDelegate.swift; sourceTree = "<group>"; };
		AEF6F4A42911044C006BAFAA /* Base */ = {isa = PBXFileReference; lastKnownFileType = file.storyboard; name = Base; path = Base.lproj/Main.storyboard; sourceTree = "<group>"; };
		AEF6F4A62911044F006BAFAA /* Assets.xcassets */ = {isa = PBXFileReference; lastKnownFileType = folder.assetcatalog; path = Assets.xcassets; sourceTree = "<group>"; };
		AEF6F4A92911044F006BAFAA /* Base */ = {isa = PBXFileReference; lastKnownFileType = file.storyboard; name = Base; path = Base.lproj/LaunchScreen.storyboard; sourceTree = "<group>"; };
		AEF6F4AB2911044F006BAFAA /* Info.plist */ = {isa = PBXFileReference; lastKnownFileType = text.plist.xml; path = Info.plist; sourceTree = "<group>"; };
		AEF6F4B229110F8E006BAFAA /* NewsTableViewController.swift */ = {isa = PBXFileReference; lastKnownFileType = sourcecode.swift; path = NewsTableViewController.swift; sourceTree = "<group>"; };
		AEF6F4B5291111C0006BAFAA /* Article.swift */ = {isa = PBXFileReference; lastKnownFileType = sourcecode.swift; path = Article.swift; sourceTree = "<group>"; };
		AEF6F4B829111376006BAFAA /* URLRequest+Extensions.swift */ = {isa = PBXFileReference; lastKnownFileType = sourcecode.swift; path = "URLRequest+Extensions.swift"; sourceTree = "<group>"; };
		AEF6F4BB2911260F006BAFAA /* ArticleViewModel.swift */ = {isa = PBXFileReference; lastKnownFileType = sourcecode.swift; path = ArticleViewModel.swift; sourceTree = "<group>"; };
		AEF6F4BE291127FE006BAFAA /* ArticleTableViewCell.swift */ = {isa = PBXFileReference; lastKnownFileType = sourcecode.swift; path = ArticleTableViewCell.swift; sourceTree = "<group>"; };
		ECEEE507F87C503F87C3A08A /* Pods_NewsWorthyMVVM.framework */ = {isa = PBXFileReference; explicitFileType = wrapper.framework; includeInIndex = 0; path = Pods_NewsWorthyMVVM.framework; sourceTree = BUILT_PRODUCTS_DIR; };
/* End PBXFileReference section */

/* Begin PBXFrameworksBuildPhase section */
		AEF6F4972911044C006BAFAA /* Frameworks */ = {
			isa = PBXFrameworksBuildPhase;
			buildActionMask = 2147483647;
			files = (
				CAF820E416504B88E28F7636 /* Pods_NewsWorthyMVVM.framework in Frameworks */,
			);
			runOnlyForDeploymentPostprocessing = 0;
		};
/* End PBXFrameworksBuildPhase section */

/* Begin PBXGroup section */
		AEF6F4912911044C006BAFAA = {
			isa = PBXGroup;
			children = (
				AEF6F49C2911044C006BAFAA /* NewsWorthyMVVM */,
				AEF6F49B2911044C006BAFAA /* Products */,
				E13D682BC718F6B5687E902A /* Pods */,
				E6A077E5D9192ED78A984A74 /* Frameworks */,
			);
			sourceTree = "<group>";
		};
		AEF6F49B2911044C006BAFAA /* Products */ = {
			isa = PBXGroup;
			children = (
				AEF6F49A2911044C006BAFAA /* NewsWorthyMVVM.app */,
			);
			name = Products;
			sourceTree = "<group>";
		};
		AEF6F49C2911044C006BAFAA /* NewsWorthyMVVM */ = {
			isa = PBXGroup;
			children = (
				AEF6F4BD291127EE006BAFAA /* Cell */,
				AEF6F4BA291125FF006BAFAA /* ViewModel */,
				AEF6F4B72911135E006BAFAA /* Extension */,
				AEF6F4B4291111B3006BAFAA /* Models */,
				AEF6F4B129110F55006BAFAA /* Controllers */,
				AEF6F49D2911044C006BAFAA /* AppDelegate.swift */,
				AEF6F49F2911044C006BAFAA /* SceneDelegate.swift */,
				AEF6F4A32911044C006BAFAA /* Main.storyboard */,
				AEF6F4A62911044F006BAFAA /* Assets.xcassets */,
				AEF6F4A82911044F006BAFAA /* LaunchScreen.storyboard */,
				AEF6F4AB2911044F006BAFAA /* Info.plist */,
			);
			path = NewsWorthyMVVM;
			sourceTree = "<group>";
		};
		AEF6F4B129110F55006BAFAA /* Controllers */ = {
			isa = PBXGroup;
			children = (
				AEF6F4B229110F8E006BAFAA /* NewsTableViewController.swift */,
			);
			path = Controllers;
			sourceTree = "<group>";
		};
		AEF6F4B4291111B3006BAFAA /* Models */ = {
			isa = PBXGroup;
			children = (
				AEF6F4B5291111C0006BAFAA /* Article.swift */,
			);
			path = Models;
			sourceTree = "<group>";
		};
		AEF6F4B72911135E006BAFAA /* Extension */ = {
			isa = PBXGroup;
			children = (
				AEF6F4B829111376006BAFAA /* URLRequest+Extensions.swift */,
			);
			path = Extension;
			sourceTree = "<group>";
		};
		AEF6F4BA291125FF006BAFAA /* ViewModel */ = {
			isa = PBXGroup;
			children = (
				AEF6F4BB2911260F006BAFAA /* ArticleViewModel.swift */,
			);
			path = ViewModel;
			sourceTree = "<group>";
		};
		AEF6F4BD291127EE006BAFAA /* Cell */ = {
			isa = PBXGroup;
			children = (
				AEF6F4BE291127FE006BAFAA /* ArticleTableViewCell.swift */,
			);
			path = Cell;
			sourceTree = "<group>";
		};
		E13D682BC718F6B5687E902A /* Pods */ = {
			isa = PBXGroup;
			children = (
				513F0C0B42FE79E41CB9201B /* Pods-NewsWorthyMVVM.debug.xcconfig */,
				A355CAC39D2DA31B9B339CDA /* Pods-NewsWorthyMVVM.release.xcconfig */,
			);
			path = Pods;
			sourceTree = "<group>";
		};
		E6A077E5D9192ED78A984A74 /* Frameworks */ = {
			isa = PBXGroup;
			children = (
				ECEEE507F87C503F87C3A08A /* Pods_NewsWorthyMVVM.framework */,
			);
			name = Frameworks;
			sourceTree = "<group>";
		};
/* End PBXGroup section */

/* Begin PBXNativeTarget section */
		AEF6F4992911044C006BAFAA /* NewsWorthyMVVM */ = {
			isa = PBXNativeTarget;
			buildConfigurationList = AEF6F4AE2911044F006BAFAA /* Build configuration list for PBXNativeTarget "NewsWorthyMVVM" */;
			buildPhases = (
				E46E11835DAADA76F13CDC5B /* [CP] Check Pods Manifest.lock */,
				AEF6F4962911044C006BAFAA /* Sources */,
				AEF6F4972911044C006BAFAA /* Frameworks */,
				AEF6F4982911044C006BAFAA /* Resources */,
				82F5424A7C3EABBBB91323A8 /* [CP] Embed Pods Frameworks */,
			);
			buildRules = (
			);
			dependencies = (
			);
			name = NewsWorthyMVVM;
			productName = NewsWorthyMVVM;
			productReference = AEF6F49A2911044C006BAFAA /* NewsWorthyMVVM.app */;
			productType = "com.apple.product-type.application";
		};
/* End PBXNativeTarget section */

/* Begin PBXProject section */
		AEF6F4922911044C006BAFAA /* Project object */ = {
			isa = PBXProject;
			attributes = {
				BuildIndependentTargetsInParallel = 1;
				LastSwiftUpdateCheck = 1330;
				LastUpgradeCheck = 1330;
				TargetAttributes = {
					AEF6F4992911044C006BAFAA = {
						CreatedOnToolsVersion = 13.3;
					};
				};
			};
			buildConfigurationList = AEF6F4952911044C006BAFAA /* Build configuration list for PBXProject "NewsWorthyMVVM" */;
			compatibilityVersion = "Xcode 13.0";
			developmentRegion = en;
			hasScannedForEncodings = 0;
			knownRegions = (
				en,
				Base,
			);
			mainGroup = AEF6F4912911044C006BAFAA;
			productRefGroup = AEF6F49B2911044C006BAFAA /* Products */;
			projectDirPath = "";
			projectRoot = "";
			targets = (
				AEF6F4992911044C006BAFAA /* NewsWorthyMVVM */,
			);
		};
/* End PBXProject section */

/* Begin PBXResourcesBuildPhase section */
		AEF6F4982911044C006BAFAA /* Resources */ = {
			isa = PBXResourcesBuildPhase;
			buildActionMask = 2147483647;
			files = (
				AEF6F4AA2911044F006BAFAA /* LaunchScreen.storyboard in Resources */,
				AEF6F4A72911044F006BAFAA /* Assets.xcassets in Resources */,
				AEF6F4A52911044C006BAFAA /* Main.storyboard in Resources */,
			);
			runOnlyForDeploymentPostprocessing = 0;
		};
/* End PBXResourcesBuildPhase section */

/* Begin PBXShellScriptBuildPhase section */
		82F5424A7C3EABBBB91323A8 /* [CP] Embed Pods Frameworks */ = {
			isa = PBXShellScriptBuildPhase;
			buildActionMask = 2147483647;
			files = (
			);
			inputFileListPaths = (
				"${PODS_ROOT}/Target Support Files/Pods-NewsWorthyMVVM/Pods-NewsWorthyMVVM-frameworks-${CONFIGURATION}-input-files.xcfilelist",
			);
			name = "[CP] Embed Pods Frameworks";
			outputFileListPaths = (
				"${PODS_ROOT}/Target Support Files/Pods-NewsWorthyMVVM/Pods-NewsWorthyMVVM-frameworks-${CONFIGURATION}-output-files.xcfilelist",
			);
			runOnlyForDeploymentPostprocessing = 0;
			shellPath = /bin/sh;
			shellScript = "\"${PODS_ROOT}/Target Support Files/Pods-NewsWorthyMVVM/Pods-NewsWorthyMVVM-frameworks.sh\"\n";
			showEnvVarsInLog = 0;
		};
		E46E11835DAADA76F13CDC5B /* [CP] Check Pods Manifest.lock */ = {
			isa = PBXShellScriptBuildPhase;
			buildActionMask = 2147483647;
			files = (
			);
			inputFileListPaths = (
			);
			inputPaths = (
				"${PODS_PODFILE_DIR_PATH}/Podfile.lock",
				"${PODS_ROOT}/Manifest.lock",
			);
			name = "[CP] Check Pods Manifest.lock";
			outputFileListPaths = (
			);
			outputPaths = (
				"$(DERIVED_FILE_DIR)/Pods-NewsWorthyMVVM-checkManifestLockResult.txt",
			);
			runOnlyForDeploymentPostprocessing = 0;
			shellPath = /bin/sh;
			shellScript = "diff \"${PODS_PODFILE_DIR_PATH}/Podfile.lock\" \"${PODS_ROOT}/Manifest.lock\" > /dev/null\nif [ $? != 0 ] ; then\n    # print error to STDERR\n    echo \"error: The sandbox is not in sync with the Podfile.lock. Run 'pod install' or update your CocoaPods installation.\" >&2\n    exit 1\nfi\n# This output is used by Xcode 'outputs' to avoid re-running this script phase.\necho \"SUCCESS\" > \"${SCRIPT_OUTPUT_FILE_0}\"\n";
			showEnvVarsInLog = 0;
		};
/* End PBXShellScriptBuildPhase section */

/* Begin PBXSourcesBuildPhase section */
		AEF6F4962911044C006BAFAA /* Sources */ = {
			isa = PBXSourcesBuildPhase;
			buildActionMask = 2147483647;
			files = (
				AEF6F4B6291111C0006BAFAA /* Article.swift in Sources */,
				AEF6F49E2911044C006BAFAA /* AppDelegate.swift in Sources */,
				AEF6F4A02911044C006BAFAA /* SceneDelegate.swift in Sources */,
				AEF6F4BC2911260F006BAFAA /* ArticleViewModel.swift in Sources */,
				AEF6F4B929111376006BAFAA /* URLRequest+Extensions.swift in Sources */,
				AEF6F4BF291127FE006BAFAA /* ArticleTableViewCell.swift in Sources */,
				AEF6F4B329110F8E006BAFAA /* NewsTableViewController.swift in Sources */,
			);
			runOnlyForDeploymentPostprocessing = 0;
		};
/* End PBXSourcesBuildPhase section */

/* Begin PBXVariantGroup section */
		AEF6F4A32911044C006BAFAA /* Main.storyboard */ = {
			isa = PBXVariantGroup;
			children = (
				AEF6F4A42911044C006BAFAA /* Base */,
			);
			name = Main.storyboard;
			sourceTree = "<group>";
		};
		AEF6F4A82911044F006BAFAA /* LaunchScreen.storyboard */ = {
			isa = PBXVariantGroup;
			children = (
				AEF6F4A92911044F006BAFAA /* Base */,
			);
			name = LaunchScreen.storyboard;
			sourceTree = "<group>";
		};
/* End PBXVariantGroup section */

/* Begin XCBuildConfiguration section */
		AEF6F4AC2911044F006BAFAA /* Debug */ = {
			isa = XCBuildConfiguration;
			buildSettings = {
				ALWAYS_SEARCH_USER_PATHS = NO;
				CLANG_ANALYZER_NONNULL = YES;
				CLANG_ANALYZER_NUMBER_OBJECT_CONVERSION = YES_AGGRESSIVE;
				CLANG_CXX_LANGUAGE_STANDARD = "gnu++17";
				CLANG_ENABLE_MODULES = YES;
				CLANG_ENABLE_OBJC_ARC = YES;
				CLANG_ENABLE_OBJC_WEAK = YES;
				CLANG_WARN_BLOCK_CAPTURE_AUTORELEASING = YES;
				CLANG_WARN_BOOL_CONVERSION = YES;
				CLANG_WARN_COMMA = YES;
				CLANG_WARN_CONSTANT_CONVERSION = YES;
				CLANG_WARN_DEPRECATED_OBJC_IMPLEMENTATIONS = YES;
				CLANG_WARN_DIRECT_OBJC_ISA_USAGE = YES_ERROR;
				CLANG_WARN_DOCUMENTATION_COMMENTS = YES;
				CLANG_WARN_EMPTY_BODY = YES;
				CLANG_WARN_ENUM_CONVERSION = YES;
				CLANG_WARN_INFINITE_RECURSION = YES;
				CLANG_WARN_INT_CONVERSION = YES;
				CLANG_WARN_NON_LITERAL_NULL_CONVERSION = YES;
				CLANG_WARN_OBJC_IMPLICIT_RETAIN_SELF = YES;
				CLANG_WARN_OBJC_LITERAL_CONVERSION = YES;
				CLANG_WARN_OBJC_ROOT_CLASS = YES_ERROR;
				CLANG_WARN_QUOTED_INCLUDE_IN_FRAMEWORK_HEADER = YES;
				CLANG_WARN_RANGE_LOOP_ANALYSIS = YES;
				CLANG_WARN_STRICT_PROTOTYPES = YES;
				CLANG_WARN_SUSPICIOUS_MOVE = YES;
				CLANG_WARN_UNGUARDED_AVAILABILITY = YES_AGGRESSIVE;
				CLANG_WARN_UNREACHABLE_CODE = YES;
				CLANG_WARN__DUPLICATE_METHOD_MATCH = YES;
				COPY_PHASE_STRIP = NO;
				DEBUG_INFORMATION_FORMAT = dwarf;
				ENABLE_STRICT_OBJC_MSGSEND = YES;
				ENABLE_TESTABILITY = YES;
				GCC_C_LANGUAGE_STANDARD = gnu11;
				GCC_DYNAMIC_NO_PIC = NO;
				GCC_NO_COMMON_BLOCKS = YES;
				GCC_OPTIMIZATION_LEVEL = 0;
				GCC_PREPROCESSOR_DEFINITIONS = (
					"DEBUG=1",
					"$(inherited)",
				);
				GCC_WARN_64_TO_32_BIT_CONVERSION = YES;
				GCC_WARN_ABOUT_RETURN_TYPE = YES_ERROR;
				GCC_WARN_UNDECLARED_SELECTOR = YES;
				GCC_WARN_UNINITIALIZED_AUTOS = YES_AGGRESSIVE;
				GCC_WARN_UNUSED_FUNCTION = YES;
				GCC_WARN_UNUSED_VARIABLE = YES;
				IPHONEOS_DEPLOYMENT_TARGET = 15.4;
				MTL_ENABLE_DEBUG_INFO = INCLUDE_SOURCE;
				MTL_FAST_MATH = YES;
				ONLY_ACTIVE_ARCH = YES;
				SDKROOT = iphoneos;
				SWIFT_ACTIVE_COMPILATION_CONDITIONS = DEBUG;
				SWIFT_OPTIMIZATION_LEVEL = "-Onone";
			};
			name = Debug;
		};
		AEF6F4AD2911044F006BAFAA /* Release */ = {
			isa = XCBuildConfiguration;
			buildSettings = {
				ALWAYS_SEARCH_USER_PATHS = NO;
				CLANG_ANALYZER_NONNULL = YES;
				CLANG_ANALYZER_NUMBER_OBJECT_CONVERSION = YES_AGGRESSIVE;
				CLANG_CXX_LANGUAGE_STANDARD = "gnu++17";
				CLANG_ENABLE_MODULES = YES;
				CLANG_ENABLE_OBJC_ARC = YES;
				CLANG_ENABLE_OBJC_WEAK = YES;
				CLANG_WARN_BLOCK_CAPTURE_AUTORELEASING = YES;
				CLANG_WARN_BOOL_CONVERSION = YES;
				CLANG_WARN_COMMA = YES;
				CLANG_WARN_CONSTANT_CONVERSION = YES;
				CLANG_WARN_DEPRECATED_OBJC_IMPLEMENTATIONS = YES;
				CLANG_WARN_DIRECT_OBJC_ISA_USAGE = YES_ERROR;
				CLANG_WARN_DOCUMENTATION_COMMENTS = YES;
				CLANG_WARN_EMPTY_BODY = YES;
				CLANG_WARN_ENUM_CONVERSION = YES;
				CLANG_WARN_INFINITE_RECURSION = YES;
				CLANG_WARN_INT_CONVERSION = YES;
				CLANG_WARN_NON_LITERAL_NULL_CONVERSION = YES;
				CLANG_WARN_OBJC_IMPLICIT_RETAIN_SELF = YES;
				CLANG_WARN_OBJC_LITERAL_CONVERSION = YES;
				CLANG_WARN_OBJC_ROOT_CLASS = YES_ERROR;
				CLANG_WARN_QUOTED_INCLUDE_IN_FRAMEWORK_HEADER = YES;
				CLANG_WARN_RANGE_LOOP_ANALYSIS = YES;
				CLANG_WARN_STRICT_PROTOTYPES = YES;
				CLANG_WARN_SUSPICIOUS_MOVE = YES;
				CLANG_WARN_UNGUARDED_AVAILABILITY = YES_AGGRESSIVE;
				CLANG_WARN_UNREACHABLE_CODE = YES;
				CLANG_WARN__DUPLICATE_METHOD_MATCH = YES;
				COPY_PHASE_STRIP = NO;
				DEBUG_INFORMATION_FORMAT = "dwarf-with-dsym";
				ENABLE_NS_ASSERTIONS = NO;
				ENABLE_STRICT_OBJC_MSGSEND = YES;
				GCC_C_LANGUAGE_STANDARD = gnu11;
				GCC_NO_COMMON_BLOCKS = YES;
				GCC_WARN_64_TO_32_BIT_CONVERSION = YES;
				GCC_WARN_ABOUT_RETURN_TYPE = YES_ERROR;
				GCC_WARN_UNDECLARED_SELECTOR = YES;
				GCC_WARN_UNINITIALIZED_AUTOS = YES_AGGRESSIVE;
				GCC_WARN_UNUSED_FUNCTION = YES;
				GCC_WARN_UNUSED_VARIABLE = YES;
				IPHONEOS_DEPLOYMENT_TARGET = 15.4;
				MTL_ENABLE_DEBUG_INFO = NO;
				MTL_FAST_MATH = YES;
				SDKROOT = iphoneos;
				SWIFT_COMPILATION_MODE = wholemodule;
				SWIFT_OPTIMIZATION_LEVEL = "-O";
				VALIDATE_PRODUCT = YES;
			};
			name = Release;
		};
		AEF6F4AF2911044F006BAFAA /* Debug */ = {
			isa = XCBuildConfiguration;
			baseConfigurationReference = 513F0C0B42FE79E41CB9201B /* Pods-NewsWorthyMVVM.debug.xcconfig */;
			buildSettings = {
				ASSETCATALOG_COMPILER_APPICON_NAME = AppIcon;
				ASSETCATALOG_COMPILER_GLOBAL_ACCENT_COLOR_NAME = AccentColor;
				CODE_SIGN_STYLE = Automatic;
				CURRENT_PROJECT_VERSION = 1;
				DEVELOPMENT_TEAM = 8X338Z9W2W;
				GENERATE_INFOPLIST_FILE = YES;
				INFOPLIST_FILE = NewsWorthyMVVM/Info.plist;
				INFOPLIST_KEY_UIApplicationSupportsIndirectInputEvents = YES;
				INFOPLIST_KEY_UILaunchStoryboardName = LaunchScreen;
				INFOPLIST_KEY_UIMainStoryboardFile = Main;
				INFOPLIST_KEY_UISupportedInterfaceOrientations_iPad = "UIInterfaceOrientationPortrait UIInterfaceOrientationPortraitUpsideDown UIInterfaceOrientationLandscapeLeft UIInterfaceOrientationLandscapeRight";
				INFOPLIST_KEY_UISupportedInterfaceOrientations_iPhone = "UIInterfaceOrientationPortrait UIInterfaceOrientationLandscapeLeft UIInterfaceOrientationLandscapeRight";
				LD_RUNPATH_SEARCH_PATHS = (
					"$(inherited)",
					"@executable_path/Frameworks",
				);
				MARKETING_VERSION = 1.0;
				PRODUCT_BUNDLE_IDENTIFIER = khavi.NewsWorthyMVVM;
				PRODUCT_NAME = "$(TARGET_NAME)";
				SWIFT_EMIT_LOC_STRINGS = YES;
				SWIFT_VERSION = 5.0;
				TARGETED_DEVICE_FAMILY = "1,2";
			};
			name = Debug;
		};
		AEF6F4B02911044F006BAFAA /* Release */ = {
			isa = XCBuildConfiguration;
			baseConfigurationReference = A355CAC39D2DA31B9B339CDA /* Pods-NewsWorthyMVVM.release.xcconfig */;
			buildSettings = {
				ASSETCATALOG_COMPILER_APPICON_NAME = AppIcon;
				ASSETCATALOG_COMPILER_GLOBAL_ACCENT_COLOR_NAME = AccentColor;
				CODE_SIGN_STYLE = Automatic;
				CURRENT_PROJECT_VERSION = 1;
				DEVELOPMENT_TEAM = 8X338Z9W2W;
				GENERATE_INFOPLIST_FILE = YES;
				INFOPLIST_FILE = NewsWorthyMVVM/Info.plist;
				INFOPLIST_KEY_UIApplicationSupportsIndirectInputEvents = YES;
				INFOPLIST_KEY_UILaunchStoryboardName = LaunchScreen;
				INFOPLIST_KEY_UIMainStoryboardFile = Main;
				INFOPLIST_KEY_UISupportedInterfaceOrientations_iPad = "UIInterfaceOrientationPortrait UIInterfaceOrientationPortraitUpsideDown UIInterfaceOrientationLandscapeLeft UIInterfaceOrientationLandscapeRight";
				INFOPLIST_KEY_UISupportedInterfaceOrientations_iPhone = "UIInterfaceOrientationPortrait UIInterfaceOrientationLandscapeLeft UIInterfaceOrientationLandscapeRight";
				LD_RUNPATH_SEARCH_PATHS = (
					"$(inherited)",
					"@executable_path/Frameworks",
				);
				MARKETING_VERSION = 1.0;
				PRODUCT_BUNDLE_IDENTIFIER = khavi.NewsWorthyMVVM;
				PRODUCT_NAME = "$(TARGET_NAME)";
				SWIFT_EMIT_LOC_STRINGS = YES;
				SWIFT_VERSION = 5.0;
				TARGETED_DEVICE_FAMILY = "1,2";
			};
			name = Release;
		};
/* End XCBuildConfiguration section */

/* Begin XCConfigurationList section */
		AEF6F4952911044C006BAFAA /* Build configuration list for PBXProject "NewsWorthyMVVM" */ = {
			isa = XCConfigurationList;
			buildConfigurations = (
				AEF6F4AC2911044F006BAFAA /* Debug */,
				AEF6F4AD2911044F006BAFAA /* Release */,
			);
			defaultConfigurationIsVisible = 0;
			defaultConfigurationName = Release;
		};
		AEF6F4AE2911044F006BAFAA /* Build configuration list for PBXNativeTarget "NewsWorthyMVVM" */ = {
			isa = XCConfigurationList;
			buildConfigurations = (
				AEF6F4AF2911044F006BAFAA /* Debug */,
				AEF6F4B02911044F006BAFAA /* Release */,
			);
			defaultConfigurationIsVisible = 0;
			defaultConfigurationName = Release;
		};
/* End XCConfigurationList section */
	};
	rootObject = AEF6F4922911044C006BAFAA /* Project object */;
}
